{
  "name": "maps",
  "lockfileVersion": 2,
  "requires": true,
  "packages": {
    "": {
      "dependencies": {
        "@faker-js/faker": "^7.6.0",
        "@types/google.maps": "^3.54.10",
        "@types/json-schema-faker": "^0.5.4"
      },
      "devDependencies": {
        "typescript": "^5.3.3"
      }
    },
    "node_modules/@faker-js/faker": {
      "version": "7.6.0",
      "resolved": "https://registry.npmjs.org/@faker-js/faker/-/faker-7.6.0.tgz",
      "integrity": "sha512-XK6BTq1NDMo9Xqw/YkYyGjSsg44fbNwYRx7QK2CuoQgyy+f1rrTDHoExVM5PsyXCtfl2vs2vVJ0MN0yN6LppRw==",
      "engines": {
        "node": ">=14.0.0",
        "npm": ">=6.0.0"
      }
    },
    "node_modules/@types/google.maps": {
      "version": "3.54.10",
      "resolved": "https://registry.npmjs.org/@types/google.maps/-/google.maps-3.54.10.tgz",
      "integrity": "sha512-N6gwM01mKhooXaw+IKbUH7wJcIJCn8U60VoaVvom5EiQjmfgevhQ+0+/r17beXW5j8ad2x+WPr0iyOUodCw4/w=="
    },
    "node_modules/@types/json-schema": {
      "version": "7.0.15",
      "resolved": "https://registry.npmjs.org/@types/json-schema/-/json-schema-7.0.15.tgz",
      "integrity": "sha512-5+fP8P8MFNC+AyZCDxrB2pkZFPGzqQWUzpSeuuVLvm8VMcorNYavBqoFcxK8bQz4Qsbn4oUEEem4wDLfcysGHA=="
    },
    "node_modules/@types/json-schema-faker": {
      "version": "0.5.4",
      "resolved": "https://registry.npmjs.org/@types/json-schema-faker/-/json-schema-faker-0.5.4.tgz",
      "integrity": "sha512-HHoYrXwbqEx/0BB+6CRdYLrkRAVZM9A72sjJB0lFlMgInyAqlj7n+tduN2hZvy/JVx2JogeWthLpgsdCoQRtnA==",
      "dependencies": {
        "@types/json-schema": "*"
      }
    },
    "node_modules/typescript": {
      "version": "5.3.3",
      "resolved": "https://registry.npmjs.org/typescript/-/typescript-5.3.3.tgz",
      "integrity": "sha512-pXWcraxM0uxAS+tN0AG/BF2TyqmHO014Z070UsJ+pFvYuRSq8KH8DmWpnbXe0pEPDHXZV3FcAbJkijJ5oNEnWw==",
      "dev": true,
      "bin": {
        "tsc": "bin/tsc",
        "tsserver": "bin/tsserver"
      },
      "engines": {
        "node": ">=14.17"
      }
    }
  },
  "dependencies": {
    "@faker-js/faker": {
      "version": "7.6.0",
      "resolved": "https://registry.npmjs.org/@faker-js/faker/-/faker-7.6.0.tgz",
      "integrity": "sha512-XK6BTq1NDMo9Xqw/YkYyGjSsg44fbNwYRx7QK2CuoQgyy+f1rrTDHoExVM5PsyXCtfl2vs2vVJ0MN0yN6LppRw=="
    },
    "@types/google.maps": {
      "version": "3.54.10",
      "resolved": "https://registry.npmjs.org/@types/google.maps/-/google.maps-3.54.10.tgz",
      "integrity": "sha512-N6gwM01mKhooXaw+IKbUH7wJcIJCn8U60VoaVvom5EiQjmfgevhQ+0+/r17beXW5j8ad2x+WPr0iyOUodCw4/w=="
    },
    "@types/json-schema": {
      "version": "7.0.15",
      "resolved": "https://registry.npmjs.org/@types/json-schema/-/json-schema-7.0.15.tgz",
      "integrity": "sha512-5+fP8P8MFNC+AyZCDxrB2pkZFPGzqQWUzpSeuuVLvm8VMcorNYavBqoFcxK8bQz4Qsbn4oUEEem4wDLfcysGHA=="
    },
    "@types/json-schema-faker": {
      "version": "0.5.4",
      "resolved": "https://registry.npmjs.org/@types/json-schema-faker/-/json-schema-faker-0.5.4.tgz",
      "integrity": "sha512-HHoYrXwbqEx/0BB+6CRdYLrkRAVZM9A72sjJB0lFlMgInyAqlj7n+tduN2hZvy/JVx2JogeWthLpgsdCoQRtnA==",
      "requires": {
        "@types/json-schema": "*"
      }
    },
    "typescript": {
      "version": "5.3.3",
      "resolved": "https://registry.npmjs.org/typescript/-/typescript-5.3.3.tgz",
      "integrity": "sha512-pXWcraxM0uxAS+tN0AG/BF2TyqmHO014Z070UsJ+pFvYuRSq8KH8DmWpnbXe0pEPDHXZV3FcAbJkijJ5oNEnWw==",
      "dev": true
    }
  }
}
